
Microsoft Visual Studio Solution File, Format Version 12.00
# Visual Studio 2017
Project("{FAE04EC0-301F-11D3-BF4B-00C04F79EFBC}") = "01PrimeiroProjetoComponente02", "01PrimeiroProjetoComponente02.csproj", "{1AC69AF7-A0AD-6434-F18A-6DFAB12B53A4}"
EndProject
Global
	GlobalSection(SolutionConfigurationPlatforms) = preSolution
		Debug|Any CPU = Debug|Any CPU
		Release|Any CPU = Release|Any CPU
	EndGlobalSection
	GlobalSection(ProjectConfigurationPlatforms) = postSolution
		{1AC69AF7-A0AD-6434-F18A-6DFAB12B53A4}.Debug|Any CPU.ActiveCfg = Debug|Any CPU
		{1AC69AF7-A0AD-6434-F18A-6DFAB12B53A4}.Debug|Any CPU.Build.0 = Debug|Any CPU
		{1AC69AF7-A0AD-6434-F18A-6DFAB12B53A4}.Release|Any CPU.ActiveCfg = Release|Any CPU
		{1AC69AF7-A0AD-6434-F18A-6DFAB12B53A4}.Release|Any CPU.Build.0 = Release|Any CPU
	EndGlobalSection
	GlobalSection(SolutionProperties) = preSolution
		HideSolutionNode = FALSE
	EndGlobalSection
EndGlobal
